// !$*UTF8*$!
{
	archiveVersion = 1;
	classes = {
	};
	objectVersion = 46;
	objects = {

/* Begin PBXBuildFile section */
		D826D25F1DEF6E01004DA59E /* AppDelegate.swift in Sources */ = {isa = PBXBuildFile; fileRef = D826D25E1DEF6E01004DA59E /* AppDelegate.swift */; };
		D826D2611DEF6E01004DA59E /* ViewController.swift in Sources */ = {isa = PBXBuildFile; fileRef = D826D2601DEF6E01004DA59E /* ViewController.swift */; };
		D826D2641DEF6E01004DA59E /* Main.storyboard in Resources */ = {isa = PBXBuildFile; fileRef = D826D2621DEF6E01004DA59E /* Main.storyboard */; };
		D826D2661DEF6E01004DA59E /* Assets.xcassets in Resources */ = {isa = PBXBuildFile; fileRef = D826D2651DEF6E01004DA59E /* Assets.xcassets */; };
		D826D2691DEF6E01004DA59E /* LaunchScreen.storyboard in Resources */ = {isa = PBXBuildFile; fileRef = D826D2671DEF6E01004DA59E /* LaunchScreen.storyboard */; };
/* End PBXBuildFile section */

/* Begin PBXFileReference section */
		D826D25B1DEF6E01004DA59E /* StackView-Code.app */ = {isa = PBXFileReference; explicitFileType = wrapper.application; includeInIndex = 0; path = "StackView-Code.app"; sourceTree = BUILT_PRODUCTS_DIR; };
		D826D25E1DEF6E01004DA59E /* AppDelegate.swift */ = {isa = PBXFileReference; lastKnownFileType = sourcecode.swift; path = AppDelegate.swift; sourceTree = "<group>"; };
		D826D2601DEF6E01004DA59E /* ViewController.swift */ = {isa = PBXFileReference; lastKnownFileType = sourcecode.swift; path = ViewController.swift; sourceTree = "<group>"; wrapsLines = 0; };
		D826D2631DEF6E01004DA59E /* Base */ = {isa = PBXFileReference; lastKnownFileType = file.storyboard; name = Base; path = Base.lproj/Main.storyboard; sourceTree = "<group>"; };
		D826D2651DEF6E01004DA59E /* Assets.xcassets */ = {isa = PBXFileReference; lastKnownFileType = folder.assetcatalog; path = Assets.xcassets; sourceTree = "<group>"; };
		D826D2681DEF6E01004DA59E /* Base */ = {isa = PBXFileReference; lastKnownFileType = file.storyboard; name = Base; path = Base.lproj/LaunchScreen.storyboard; sourceTree = "<group>"; };
		D826D26A1DEF6E01004DA59E /* Info.plist */ = {isa = PBXFileReference; lastKnownFileType = text.plist.xml; path = Info.plist; sourceTree = "<group>"; };
/* End PBXFileReference section */

/* Begin PBXFrameworksBuildPhase section */
		D826D2581DEF6E01004DA59E /* Frameworks */ = {
			isa = PBXFrameworksBuildPhase;
			buildActionMask = 2147483647;
			files = (
			);
			runOnlyForDeploymentPostprocessing = 0;
		};
/* End PBXFrameworksBuildPhase section */

/* Begin PBXGroup section */
		D826D2521DEF6E01004DA59E = {
			isa = PBXGroup;
			children = (
				D826D25D1DEF6E01004DA59E /* StackView-Code */,
				D826D25C1DEF6E01004DA59E /* Products */,
			);
			sourceTree = "<group>";
		};
		D826D25C1DEF6E01004DA59E /* Products */ = {
			isa = PBXGroup;
			children = (
				D826D25B1DEF6E01004DA59E /* StackView-Code.app */,
			);
			name = Products;
			sourceTree = "<group>";
		};
		D826D25D1DEF6E01004DA59E /* StackView-Code */ = {
			isa = PBXGroup;
			children = (
				D826D25E1DEF6E01004DA59E /* AppDelegate.swift */,
				D826D2601DEF6E01004DA59E /* ViewController.swift */,
				D826D2621DEF6E01004DA59E /* Main.storyboard */,
				D826D2651DEF6E01004DA59E /* Assets.xcassets */,
				D826D2671DEF6E01004DA59E /* LaunchScreen.storyboard */,
				D826D26A1DEF6E01004DA59E /* Info.plist */,
			);
			path = "StackView-Code";
			sourceTree = "<group>";
		};
/* End PBXGroup section */

/* Begin PBXNativeTarget section */
		D826D25A1DEF6E01004DA59E /* StackView-Code */ = {
			isa = PBXNativeTarget;
			buildConfigurationList = D826D26D1DEF6E01004DA59E /* Build configuration list for PBXNativeTarget "StackView-Code" */;
			buildPhases = (
				D826D2571DEF6E01004DA59E /* Sources */,
				D826D2581DEF6E01004DA59E /* Frameworks */,
				D826D2591DEF6E01004DA59E /* Resources */,
			);
			buildRules = (
			);
			dependencies = (
			);
			name = "StackView-Code";
			productName = "StackView-Code";
			productReference = D826D25B1DEF6E01004DA59E /* StackView-Code.app */;
			productType = "com.apple.product-type.application";
		};
/* End PBXNativeTarget section */

/* Begin PBXProject section */
		D826D2531DEF6E01004DA59E /* Project object */ = {
			isa = PBXProject;
			attributes = {
				LastSwiftUpdateCheck = 0810;
				LastUpgradeCheck = 0810;
				ORGANIZATIONNAME = "Mitchell Hudson";
				TargetAttributes = {
					D826D25A1DEF6E01004DA59E = {
						CreatedOnToolsVersion = 8.1;
						DevelopmentTeam = 753UQ7TNXJ;
						ProvisioningStyle = Automatic;
					};
				};
			};
			buildConfigurationList = D826D2561DEF6E01004DA59E /* Build configuration list for PBXProject "StackView-Code" */;
			compatibilityVersion = "Xcode 3.2";
			developmentRegion = English;
			hasScannedForEncodings = 0;
			knownRegions = (
				en,
				Base,
			);
			mainGroup = D826D2521DEF6E01004DA59E;
			productRefGroup = D826D25C1DEF6E01004DA59E /* Products */;
			projectDirPath = "";
			projectRoot = "";
			targets = (
				D826D25A1DEF6E01004DA59E /* StackView-Code */,
			);
		};
/* End PBXProject section */

/* Begin PBXResourcesBuildPhase section */
		D826D2591DEF6E01004DA59E /* Resources */ = {
			isa = PBXResourcesBuildPhase;
			buildActionMask = 2147483647;
			files = (
				D826D2691DEF6E01004DA59E /* LaunchScreen.storyboard in Resources */,
				D826D2661DEF6E01004DA59E /* Assets.xcassets in Resources */,
				D826D2641DEF6E01004DA59E /* Main.storyboard in Resources */,
			);
			runOnlyForDeploymentPostprocessing = 0;
		};
/* End PBXResourcesBuildPhase section */

/* Begin PBXSourcesBuildPhase section */
		D826D2571DEF6E01004DA59E /* Sources */ = {
			isa = PBXSourcesBuildPhase;
			buildActionMask = 2147483647;
			files = (
				D826D2611DEF6E01004DA59E /* ViewController.swift in Sources */,
				D826D25F1DEF6E01004DA59E /* AppDelegate.swift in Sources */,
			);
			runOnlyForDeploymentPostprocessing = 0;
		};
/* End PBXSourcesBuildPhase section */

/* Begin PBXVariantGroup section */
		D826D2621DEF6E01004DA59E /* Main.storyboard */ = {
			isa = PBXVariantGroup;
			children = (
				D826D2631DEF6E01004DA59E /* Base */,
			);
			name = Main.storyboard;
			sourceTree = "<group>";
		};
		D826D2671DEF6E01004DA59E /* LaunchScreen.storyboard */ = {
			isa = PBXVariantGroup;
			children = (
				D826D2681DEF6E01004DA59E /* Base */,
			);
			name = LaunchScreen.storyboard;
			sourceTree = "<group>";
		};
/* End PBXVariantGroup section */

/* Begin XCBuildConfiguration section */
		D826D26B1DEF6E01004DA59E /* Debug */ = {
			isa = XCBuildConfiguration;
			buildSettings = {
				ALWAYS_SEARCH_USER_PATHS = NO;
				CLANG_ANALYZER_NONNULL = YES;
				CLANG_CXX_LANGUAGE_STANDARD = "gnu++0x";
				CLANG_CXX_LIBRARY = "libc++";
				CLANG_ENABLE_MODULES = YES;
				CLANG_ENABLE_OBJC_ARC = YES;
				CLANG_WARN_BOOL_CONVERSION = YES;
				CLANG_WARN_CONSTANT_CONVERSION = YES;
				CLANG_WARN_DIRECT_OBJC_ISA_USAGE = YES_ERROR;
				CLANG_WARN_DOCUMENTATION_COMMENTS = YES;
				CLANG_WARN_EMPTY_BODY = YES;
				CLANG_WARN_ENUM_CONVERSION = YES;
				CLANG_WARN_INFINITE_RECURSION = YES;
				CLANG_WARN_INT_CONVERSION = YES;
				CLANG_WARN_OBJC_ROOT_CLASS = YES_ERROR;
				CLANG_WARN_SUSPICIOUS_MOVES = YES;
				CLANG_WARN_UNREACHABLE_CODE = YES;
				CLANG_WARN__DUPLICATE_METHOD_MATCH = YES;
				"CODE_SIGN_IDENTITY[sdk=iphoneos*]" = "iPhone Developer";
				COPY_PHASE_STRIP = NO;
				DEBUG_INFORMATION_FORMAT = dwarf;
				ENABLE_STRICT_OBJC_MSGSEND = YES;
				ENABLE_TESTABILITY = YES;
				GCC_C_LANGUAGE_STANDARD = gnu99;
				GCC_DYNAMIC_NO_PIC = NO;
				GCC_NO_COMMON_BLOCKS = YES;
				GCC_OPTIMIZATION_LEVEL = 0;
				GCC_PREPROCESSOR_DEFINITIONS = (
					"DEBUG=1",
					"$(inherited)",
				);
				GCC_WARN_64_TO_32_BIT_CONVERSION = YES;
				GCC_WARN_ABOUT_RETURN_TYPE = YES_ERROR;
				GCC_WARN_UNDECLARED_SELECTOR = YES;
				GCC_WARN_UNINITIALIZED_AUTOS = YES_AGGRESSIVE;
				GCC_WARN_UNUSED_FUNCTION = YES;
				GCC_WARN_UNUSED_VARIABLE = YES;
				IPHONEOS_DEPLOYMENT_TARGET = 10.1;
				MTL_ENABLE_DEBUG_INFO = YES;
				ONLY_ACTIVE_ARCH = YES;
				SDKROOT = iphoneos;
				SWIFT_ACTIVE_COMPILATION_CONDITIONS = DEBUG;
				SWIFT_OPTIMIZATION_LEVEL = "-Onone";
			};
			name = Debug;
		};
		D826D26C1DEF6E01004DA59E /* Release */ = {
			isa = XCBuildConfiguration;
			buildSettings = {
				ALWAYS_SEARCH_USER_PATHS = NO;
				CLANG_ANALYZER_NONNULL = YES;
				CLANG_CXX_LANGUAGE_STANDARD = "gnu++0x";
				CLANG_CXX_LIBRARY = "libc++";
				CLANG_ENABLE_MODULES = YES;
				CLANG_ENABLE_OBJC_ARC = YES;
				CLANG_WARN_BOOL_CONVERSION = YES;
				CLANG_WARN_CONSTANT_CONVERSION = YES;
				CLANG_WARN_DIRECT_OBJC_ISA_USAGE = YES_ERROR;
				CLANG_WARN_DOCUMENTATION_COMMENTS = YES;
				CLANG_WARN_EMPTY_BODY = YES;
				CLANG_WARN_ENUM_CONVERSION = YES;
				CLANG_WARN_INFINITE_RECURSION = YES;
				CLANG_WARN_INT_CONVERSION = YES;
				CLANG_WARN_OBJC_ROOT_CLASS = YES_ERROR;
				CLANG_WARN_SUSPICIOUS_MOVES = YES;
				CLANG_WARN_UNREACHABLE_CODE = YES;
				CLANG_WARN__DUPLICATE_METHOD_MATCH = YES;
				"CODE_SIGN_IDENTITY[sdk=iphoneos*]" = "iPhone Developer";
				COPY_PHASE_STRIP = NO;
				DEBUG_INFORMATION_FORMAT = "dwarf-with-dsym";
				ENABLE_NS_ASSERTIONS = NO;
				ENABLE_STRICT_OBJC_MSGSEND = YES;
				GCC_C_LANGUAGE_STANDARD = gnu99;
				GCC_NO_COMMON_BLOCKS = YES;
				GCC_WARN_64_TO_32_BIT_CONVERSION = YES;
				GCC_WARN_ABOUT_RETURN_TYPE = YES_ERROR;
				GCC_WARN_UNDECLARED_SELECTOR = YES;
				GCC_WARN_UNINITIALIZED_AUTOS = YES_AGGRESSIVE;
				GCC_WARN_UNUSED_FUNCTION = YES;
				GCC_WARN_UNUSED_VARIABLE = YES;
				IPHONEOS_DEPLOYMENT_TARGET = 10.1;
				MTL_ENABLE_DEBUG_INFO = NO;
				SDKROOT = iphoneos;
				SWIFT_OPTIMIZATION_LEVEL = "-Owholemodule";
				VALIDATE_PRODUCT = YES;
			};
			name = Release;
		};
		D826D26E1DEF6E01004DA59E /* Debug */ = {
			isa = XCBuildConfiguration;
			buildSettings = {
				ASSETCATALOG_COMPILER_APPICON_NAME = AppIcon;
				DEVELOPMENT_TEAM = 753UQ7TNXJ;
				INFOPLIST_FILE = "StackView-Code/Info.plist";
				LD_RUNPATH_SEARCH_PATHS = "$(inherited) @executable_path/Frameworks";
				PRODUCT_BUNDLE_IDENTIFIER = "com.webdevils.StackView-Code";
				PRODUCT_NAME = "$(TARGET_NAME)";
				SWIFT_VERSION = 3.0;
			};
			name = Debug;
		};
		D826D26F1DEF6E01004DA59E /* Release */ = {
			isa = XCBuildConfiguration;
			buildSettings = {
				ASSETCATALOG_COMPILER_APPICON_NAME = AppIcon;
				DEVELOPMENT_TEAM = 753UQ7TNXJ;
				INFOPLIST_FILE = "StackView-Code/Info.plist";
				LD_RUNPATH_SEARCH_PATHS = "$(inherited) @executable_path/Frameworks";
				PRODUCT_BUNDLE_IDENTIFIER = "com.webdevils.StackView-Code";
				PRODUCT_NAME = "$(TARGET_NAME)";
				SWIFT_VERSION = 3.0;
			};
			name = Release;
		};
/* End XCBuildConfiguration section */

/* Begin XCConfigurationList section */
		D826D2561DEF6E01004DA59E /* Build configuration list for PBXProject "StackView-Code" */ = {
			isa = XCConfigurationList;
			buildConfigurations = (
				D826D26B1DEF6E01004DA59E /* Debug */,
				D826D26C1DEF6E01004DA59E /* Release */,
			);
			defaultConfigurationIsVisible = 0;
			defaultConfigurationName = Release;
		};
		D826D26D1DEF6E01004DA59E /* Build configuration list for PBXNativeTarget "StackView-Code" */ = {
			isa = XCConfigurationList;
			buildConfigurations = (
				D826D26E1DEF6E01004DA59E /* Debug */,
				D826D26F1DEF6E01004DA59E /* Release */,
			);
			defaultConfigurationIsVisible = 0;
		};
/* End XCConfigurationList section */
	};
	rootObject = D826D2531DEF6E01004DA59E /* Project object */;
}
